<?xml version="1.0" encoding="utf-8"?>
<Project ToolsVersion="4.0" xmlns="http://schemas.microsoft.com/developer/msbuild/2003">
  <ItemGroup>
    <Filter Include="Pliki źródłowe">
      <UniqueIdentifier>{4FC737F1-C7A5-4376-A066-2A32D752A2FF}</UniqueIdentifier>
      <Extensions>cpp;c;cc;cxx;c++;cppm;ixx;def;odl;idl;hpj;bat;asm;asmx</Extensions>
    </Filter>
    <Filter Include="Pliki nagłówkowe">
      <UniqueIdentifier>{93995380-89BD-4b04-88EB-625FBE52EBFB}</UniqueIdentifier>
      <Extensions>h;hh;hpp;hxx;h++;hm;inl;inc;ipp;xsd</Extensions>
    </Filter>
    <Filter Include="Pliki zasobów">
      <UniqueIdentifier>{67DA6AB6-F800-4c08-8B7A-83BB121AAD01}</UniqueIdentifier>
      <Extensions>rc;ico;cur;bmp;dlg;rc2;rct;bin;rgs;gif;jpg;jpeg;jpe;resx;tiff;tif;png;wav;mfcribbon-ms</Extensions>
    </Filter>
    <Filter Include="Pliki nagłówkowe\Bartek">
      <UniqueIdentifier>{fa6b1c8f-d599-4fc4-8bbe-feb2390d9cf4}</UniqueIdentifier>
    </Filter>
    <Filter Include="Pliki nagłówkowe\Sebix">
      <UniqueIdentifier>{7b5eecdf-5c2c-4690-8985-f59c3c90df3a}</UniqueIdentifier>
    </Filter>
    <Filter Include="Pliki nagłówkowe\Przemek">
      <UniqueIdentifier>{695b311a-a66c-43fd-a46c-3f1c60e590be}</UniqueIdentifier>
    </Filter>
  </ItemGroup>
  <ItemGroup>
    <ClCompile Include="Silnik2D-SFML.cpp">
      <Filter>Pliki źródłowe</Filter>
    </ClCompile>
  </ItemGroup>
  <ItemGroup>
    <ClInclude Include="Bartek.h">
      <Filter>Pliki nagłówkowe</Filter>
    </ClInclude>
    <ClInclude Include="Sebix.h">
      <Filter>Pliki nagłówkowe</Filter>
    </ClInclude>
    <ClInclude Include="resource.h">
      <Filter>Pliki nagłówkowe</Filter>
    </ClInclude>
    <ClInclude Include="Przemek.h">
      <Filter>Pliki nagłówkowe</Filter>
    </ClInclude>
    <ClInclude Include="Bartek\Gra.h">
      <Filter>Pliki nagłówkowe\Bartek</Filter>
    </ClInclude>
    <ClInclude Include="Bartek\MenuGlowne.h">
      <Filter>Pliki nagłówkowe\Bartek</Filter>
    </ClInclude>
    <ClInclude Include="Bartek\Obiekt.h">
      <Filter>Pliki nagłówkowe\Bartek</Filter>
    </ClInclude>
    <ClInclude Include="Bartek\Stan.h">
      <Filter>Pliki nagłówkowe\Bartek</Filter>
    </ClInclude>
    <ClInclude Include="Sebix\Point2D.h">
      <Filter>Pliki nagłówkowe\Sebix</Filter>
    </ClInclude>
    <ClInclude Include="Przemek\rysowanie.h">
      <Filter>Pliki nagłówkowe\Przemek</Filter>
    </ClInclude>
    <ClInclude Include="Bartek\Engine.h">
      <Filter>Pliki nagłówkowe\Bartek</Filter>
    </ClInclude>
    <ClInclude Include="Sebix\Funkcje.h">
      <Filter>Pliki nagłówkowe\Sebix</Filter>
    </ClInclude>
    <ClInclude Include="Sebix\LineSegment.h">
      <Filter>Pliki nagłówkowe\Sebix</Filter>
    </ClInclude>
    <ClInclude Include="Sebix\Point2DArray.h">
      <Filter>Pliki nagłówkowe\Sebix</Filter>
    </ClInclude>
    <ClInclude Include="Bartek\Animacja.h">
      <Filter>Pliki nagłówkowe\Bartek</Filter>
    </ClInclude>
    <ClInclude Include="Bartek\Gracz.h">
      <Filter>Pliki nagłówkowe\Bartek</Filter>
    </ClInclude>
    <ClInclude Include="Bartek\BitmapHandler.h">
      <Filter>Pliki nagłówkowe\Bartek</Filter>
    </ClInclude>
    <ClInclude Include="Bartek\ObslugaRuchuGracza.h">
      <Filter>Pliki nagłówkowe\Bartek</Filter>
    </ClInclude>
    <ClInclude Include="Sebix\Moveport.h">
      <Filter>Pliki nagłówkowe\Sebix</Filter>
    </ClInclude>
  </ItemGroup>
  <ItemGroup>
    <ResourceCompile Include="Silnik2D-SFML.rc">
      <Filter>Pliki zasobów</Filter>
    </ResourceCompile>
  </ItemGroup>
</Project>